
Microsoft Visual Studio Solution File, Format Version 12.00
# Visual Studio Version 17
VisualStudioVersion = 17.5.33530.505
MinimumVisualStudioVersion = 10.0.40219.1
Project("{FAE04EC0-301F-11D3-BF4B-00C04F79EFBC}") = "API", "API\API.csproj", "{68F482FB-4B6F-4E3C-A382-5C6D60AAC92D}"
EndProject
Project("{FAE04EC0-301F-11D3-BF4B-00C04F79EFBC}") = "Core", "Core\Core.csproj", "{6A6B8122-551B-4B0A-93CB-4F71BB496ACD}"
EndProject
Project("{FAE04EC0-301F-11D3-BF4B-00C04F79EFBC}") = "Infrastructure", "Infrastructure\Infrastructure.csproj", "{0F2227A6-2FE6-4EB1-BE98-F9F34AD04E88}"
EndProject
Project("{FAE04EC0-301F-11D3-BF4B-00C04F79EFBC}") = "Persistence", "Persistence\Persistence.csproj", "{815054A9-BA40-4F8A-AEE3-AAF7CD0278FA}"
EndProject
Global
	GlobalSection(SolutionConfigurationPlatforms) = preSolution
		Debug|Any CPU = Debug|Any CPU
		Release|Any CPU = Release|Any CPU
	EndGlobalSection
	GlobalSection(ProjectConfigurationPlatforms) = postSolution
		{68F482FB-4B6F-4E3C-A382-5C6D60AAC92D}.Debug|Any CPU.ActiveCfg = Debug|Any CPU
		{68F482FB-4B6F-4E3C-A382-5C6D60AAC92D}.Debug|Any CPU.Build.0 = Debug|Any CPU
		{68F482FB-4B6F-4E3C-A382-5C6D60AAC92D}.Release|Any CPU.ActiveCfg = Release|Any CPU
		{68F482FB-4B6F-4E3C-A382-5C6D60AAC92D}.Release|Any CPU.Build.0 = Release|Any CPU
		{6A6B8122-551B-4B0A-93CB-4F71BB496ACD}.Debug|Any CPU.ActiveCfg = Debug|Any CPU
		{6A6B8122-551B-4B0A-93CB-4F71BB496ACD}.Debug|Any CPU.Build.0 = Debug|Any CPU
		{6A6B8122-551B-4B0A-93CB-4F71BB496ACD}.Release|Any CPU.ActiveCfg = Release|Any CPU
		{6A6B8122-551B-4B0A-93CB-4F71BB496ACD}.Release|Any CPU.Build.0 = Release|Any CPU
		{0F2227A6-2FE6-4EB1-BE98-F9F34AD04E88}.Debug|Any CPU.ActiveCfg = Debug|Any CPU
		{0F2227A6-2FE6-4EB1-BE98-F9F34AD04E88}.Debug|Any CPU.Build.0 = Debug|Any CPU
		{0F2227A6-2FE6-4EB1-BE98-F9F34AD04E88}.Release|Any CPU.ActiveCfg = Release|Any CPU
		{0F2227A6-2FE6-4EB1-BE98-F9F34AD04E88}.Release|Any CPU.Build.0 = Release|Any CPU
		{815054A9-BA40-4F8A-AEE3-AAF7CD0278FA}.Debug|Any CPU.ActiveCfg = Debug|Any CPU
		{815054A9-BA40-4F8A-AEE3-AAF7CD0278FA}.Debug|Any CPU.Build.0 = Debug|Any CPU
		{815054A9-BA40-4F8A-AEE3-AAF7CD0278FA}.Release|Any CPU.ActiveCfg = Release|Any CPU
		{815054A9-BA40-4F8A-AEE3-AAF7CD0278FA}.Release|Any CPU.Build.0 = Release|Any CPU
	EndGlobalSection
	GlobalSection(SolutionProperties) = preSolution
		HideSolutionNode = FALSE
	EndGlobalSection
	GlobalSection(ExtensibilityGlobals) = postSolution
		SolutionGuid = {DBF561AF-2C4F-4829-A204-31357789ED1F}
	EndGlobalSection
EndGlobal
